
Microsoft Visual Studio Solution File, Format Version 12.00
# Visual Studio Version 16
VisualStudioVersion = 16.0.29728.190
MinimumVisualStudioVersion = 10.0.40219.1
Project("{FAE04EC0-301F-11D3-BF4B-00C04F79EFBC}") = "DesigningNeuralNetwork", "DesigningNeuralNetwork\DesigningNeuralNetwork.csproj", "{EF223439-9E76-4120-AF1A-D5C9F00D89B5}"
EndProject
Global
	GlobalSection(SolutionConfigurationPlatforms) = preSolution
		Debug|Any CPU = Debug|Any CPU
		Release|Any CPU = Release|Any CPU
	EndGlobalSection
	GlobalSection(ProjectConfigurationPlatforms) = postSolution
		{EF223439-9E76-4120-AF1A-D5C9F00D89B5}.Debug|Any CPU.ActiveCfg = Debug|Any CPU
		{EF223439-9E76-4120-AF1A-D5C9F00D89B5}.Debug|Any CPU.Build.0 = Debug|Any CPU
		{EF223439-9E76-4120-AF1A-D5C9F00D89B5}.Release|Any CPU.ActiveCfg = Release|Any CPU
		{EF223439-9E76-4120-AF1A-D5C9F00D89B5}.Release|Any CPU.Build.0 = Release|Any CPU
	EndGlobalSection
	GlobalSection(SolutionProperties) = preSolution
		HideSolutionNode = FALSE
	EndGlobalSection
	GlobalSection(ExtensibilityGlobals) = postSolution
		SolutionGuid = {79B8B0A3-A24F-446B-9AA3-EEC1E8BCBD2F}
	EndGlobalSection
EndGlobal
